Microsoft Visual Studio Solution File, Format Version 12.00
# Visual Studio Version 17
VisualStudioVersion = 17.5.2.0
MinimumVisualStudioVersion = 10.0.40219.1
Project("{FAE04EC0-301F-11D3-BF4B-00C04F79EFBC}") = "tui-news", "tui-news.csproj", "{B465678C-4594-0C4A-3750-9510CF0D4703}"
EndProject
Global
	GlobalSection(SolutionConfigurationPlatforms) = preSolution
		Debug|Any CPU = Debug|Any CPU
		Release|Any CPU = Release|Any CPU
	EndGlobalSection
	GlobalSection(ProjectConfigurationPlatforms) = postSolution
		{B465678C-4594-0C4A-3750-9510CF0D4703}.Debug|Any CPU.ActiveCfg = Debug|Any CPU
		{B465678C-4594-0C4A-3750-9510CF0D4703}.Debug|Any CPU.Build.0 = Debug|Any CPU
		{B465678C-4594-0C4A-3750-9510CF0D4703}.Release|Any CPU.ActiveCfg = Release|Any CPU
		{B465678C-4594-0C4A-3750-9510CF0D4703}.Release|Any CPU.Build.0 = Release|Any CPU
	EndGlobalSection
	GlobalSection(SolutionProperties) = preSolution
		HideSolutionNode = FALSE
	EndGlobalSection
	GlobalSection(ExtensibilityGlobals) = postSolution
		SolutionGuid = {E213C55A-A412-4576-B8B8-17949F5E7926}
	EndGlobalSection
EndGlobal
